
Microsoft Visual Studio Solution File, Format Version 12.00
# Visual Studio 15
VisualStudioVersion = 15.0.28010.2036
MinimumVisualStudioVersion = 10.0.40219.1
Project("{FAE04EC0-301F-11D3-BF4B-00C04F79EFBC}") = "constancia_saldo", "constancia_saldo\constancia_saldo.csproj", "{1EFEE1F3-B19D-4522-B0A1-4D295E9C1DCE}"
EndProject
Global
	GlobalSection(SolutionConfigurationPlatforms) = preSolution
		Debug|Any CPU = Debug|Any CPU
		Release|Any CPU = Release|Any CPU
	EndGlobalSection
	GlobalSection(ProjectConfigurationPlatforms) = postSolution
		{1EFEE1F3-B19D-4522-B0A1-4D295E9C1DCE}.Debug|Any CPU.ActiveCfg = Debug|Any CPU
		{1EFEE1F3-B19D-4522-B0A1-4D295E9C1DCE}.Debug|Any CPU.Build.0 = Debug|Any CPU
		{1EFEE1F3-B19D-4522-B0A1-4D295E9C1DCE}.Debug|Any CPU.Deploy.0 = Debug|Any CPU
		{1EFEE1F3-B19D-4522-B0A1-4D295E9C1DCE}.Release|Any CPU.ActiveCfg = Release|Any CPU
		{1EFEE1F3-B19D-4522-B0A1-4D295E9C1DCE}.Release|Any CPU.Build.0 = Release|Any CPU
		{1EFEE1F3-B19D-4522-B0A1-4D295E9C1DCE}.Release|Any CPU.Deploy.0 = Release|Any CPU
	EndGlobalSection
	GlobalSection(SolutionProperties) = preSolution
		HideSolutionNode = FALSE
	EndGlobalSection
	GlobalSection(ExtensibilityGlobals) = postSolution
		SolutionGuid = {D3DC18CF-27DF-4559-83F1-01465D0DA2E5}
	EndGlobalSection
EndGlobal
